// !$*UTF8*$!
{
	archiveVersion = 1;
	classes = {
	};
	objectVersion = 46;
	objects = {

/* Begin PBXBuildFile section */
		76F6C4B11D9C38A600627F95 /* AppDelegate.swift in Sources */ = {isa = PBXBuildFile; fileRef = 76F6C4B01D9C38A600627F95 /* AppDelegate.swift */; };
		76F6C4B31D9C38A600627F95 /* ViewController.swift in Sources */ = {isa = PBXBuildFile; fileRef = 76F6C4B21D9C38A600627F95 /* ViewController.swift */; };
		76F6C4B61D9C38A600627F95 /* Main.storyboard in Resources */ = {isa = PBXBuildFile; fileRef = 76F6C4B41D9C38A600627F95 /* Main.storyboard */; };
		76F6C4B81D9C38A600627F95 /* Assets.xcassets in Resources */ = {isa = PBXBuildFile; fileRef = 76F6C4B71D9C38A600627F95 /* Assets.xcassets */; };
		76F6C4BB1D9C38A600627F95 /* LaunchScreen.storyboard in Resources */ = {isa = PBXBuildFile; fileRef = 76F6C4B91D9C38A600627F95 /* LaunchScreen.storyboard */; };
		76F6C4CA1D9C3AA000627F95 /* NotificationService.swift in Sources */ = {isa = PBXBuildFile; fileRef = 76F6C4C91D9C3AA000627F95 /* NotificationService.swift */; };
		76F6C4CE1D9C3AA000627F95 /* Service.appex in Embed App Extensions */ = {isa = PBXBuildFile; fileRef = 76F6C4C71D9C3AA000627F95 /* Service.appex */; settings = {ATTRIBUTES = (RemoveHeadersOnCopy, ); }; };
		76F6C4DA1D9C3AB100627F95 /* UserNotifications.framework in Frameworks */ = {isa = PBXBuildFile; fileRef = 76F6C4D91D9C3AB100627F95 /* UserNotifications.framework */; };
		76F6C4DC1D9C3AB100627F95 /* UserNotificationsUI.framework in Frameworks */ = {isa = PBXBuildFile; fileRef = 76F6C4DB1D9C3AB100627F95 /* UserNotificationsUI.framework */; };
		76F6C4DF1D9C3AB100627F95 /* NotificationViewController.swift in Sources */ = {isa = PBXBuildFile; fileRef = 76F6C4DE1D9C3AB100627F95 /* NotificationViewController.swift */; };
		76F6C4E21D9C3AB100627F95 /* MainInterface.storyboard in Resources */ = {isa = PBXBuildFile; fileRef = 76F6C4E01D9C3AB100627F95 /* MainInterface.storyboard */; };
		76F6C4E61D9C3AB100627F95 /* Content.appex in Embed App Extensions */ = {isa = PBXBuildFile; fileRef = 76F6C4D71D9C3AB100627F95 /* Content.appex */; settings = {ATTRIBUTES = (RemoveHeadersOnCopy, ); }; };
		88D7B7C5F778D8FC47C209E0 /* Pods_Content.framework in Frameworks */ = {isa = PBXBuildFile; fileRef = 71CF703B6B192F58947DEF4A /* Pods_Content.framework */; };
		890136A59B5933D2CCB6DC46 /* Pods_Service.framework in Frameworks */ = {isa = PBXBuildFile; fileRef = 7CC18704BB8A74A0D80C4798 /* Pods_Service.framework */; };
		BB7F84364FDEF6478ED0DDF9 /* Pods_AdvanceNotifications.framework in Frameworks */ = {isa = PBXBuildFile; fileRef = 29EB319DC2DAF11A157CDD3A /* Pods_AdvanceNotifications.framework */; };
/* End PBXBuildFile section */

/* Begin PBXContainerItemProxy section */
		76F6C4CC1D9C3AA000627F95 /* PBXContainerItemProxy */ = {
			isa = PBXContainerItemProxy;
			containerPortal = 76F6C4A51D9C38A500627F95 /* Project object */;
			proxyType = 1;
			remoteGlobalIDString = 76F6C4C61D9C3AA000627F95;
			remoteInfo = Service;
		};
		76F6C4E41D9C3AB100627F95 /* PBXContainerItemProxy */ = {
			isa = PBXContainerItemProxy;
			containerPortal = 76F6C4A51D9C38A500627F95 /* Project object */;
			proxyType = 1;
			remoteGlobalIDString = 76F6C4D61D9C3AB100627F95;
			remoteInfo = Content;
		};
/* End PBXContainerItemProxy section */

/* Begin PBXCopyFilesBuildPhase section */
		76F6C4D21D9C3AA000627F95 /* Embed App Extensions */ = {
			isa = PBXCopyFilesBuildPhase;
			buildActionMask = 2147483647;
			dstPath = "";
			dstSubfolderSpec = 13;
			files = (
				76F6C4E61D9C3AB100627F95 /* Content.appex in Embed App Extensions */,
				76F6C4CE1D9C3AA000627F95 /* Service.appex in Embed App Extensions */,
			);
			name = "Embed App Extensions";
			runOnlyForDeploymentPostprocessing = 0;
		};
/* End PBXCopyFilesBuildPhase section */

/* Begin PBXFileReference section */
		29EB319DC2DAF11A157CDD3A /* Pods_AdvanceNotifications.framework */ = {isa = PBXFileReference; explicitFileType = wrapper.framework; includeInIndex = 0; path = Pods_AdvanceNotifications.framework; sourceTree = BUILT_PRODUCTS_DIR; };
		56B5064501DFD2044E3177BD /* Pods-Content.release.xcconfig */ = {isa = PBXFileReference; includeInIndex = 1; lastKnownFileType = text.xcconfig; name = "Pods-Content.release.xcconfig"; path = "Pods/Target Support Files/Pods-Content/Pods-Content.release.xcconfig"; sourceTree = "<group>"; };
		6B4FF13691C2B5A087C0817B /* Pods-Service.debug.xcconfig */ = {isa = PBXFileReference; includeInIndex = 1; lastKnownFileType = text.xcconfig; name = "Pods-Service.debug.xcconfig"; path = "Pods/Target Support Files/Pods-Service/Pods-Service.debug.xcconfig"; sourceTree = "<group>"; };
		71CF703B6B192F58947DEF4A /* Pods_Content.framework */ = {isa = PBXFileReference; explicitFileType = wrapper.framework; includeInIndex = 0; path = Pods_Content.framework; sourceTree = BUILT_PRODUCTS_DIR; };
		76F6C4AD1D9C38A500627F95 /* AdvanceNotifications.app */ = {isa = PBXFileReference; explicitFileType = wrapper.application; includeInIndex = 0; path = AdvanceNotifications.app; sourceTree = BUILT_PRODUCTS_DIR; };
		76F6C4B01D9C38A600627F95 /* AppDelegate.swift */ = {isa = PBXFileReference; lastKnownFileType = sourcecode.swift; path = AppDelegate.swift; sourceTree = "<group>"; };
		76F6C4B21D9C38A600627F95 /* ViewController.swift */ = {isa = PBXFileReference; lastKnownFileType = sourcecode.swift; path = ViewController.swift; sourceTree = "<group>"; };
		76F6C4B51D9C38A600627F95 /* Base */ = {isa = PBXFileReference; lastKnownFileType = file.storyboard; name = Base; path = Base.lproj/Main.storyboard; sourceTree = "<group>"; };
		76F6C4B71D9C38A600627F95 /* Assets.xcassets */ = {isa = PBXFileReference; lastKnownFileType = folder.assetcatalog; path = Assets.xcassets; sourceTree = "<group>"; };
		76F6C4BA1D9C38A600627F95 /* Base */ = {isa = PBXFileReference; lastKnownFileType = file.storyboard; name = Base; path = Base.lproj/LaunchScreen.storyboard; sourceTree = "<group>"; };
		76F6C4BC1D9C38A600627F95 /* Info.plist */ = {isa = PBXFileReference; lastKnownFileType = text.plist.xml; path = Info.plist; sourceTree = "<group>"; };
		76F6C4C21D9C38DB00627F95 /* AdvanceNotifications.entitlements */ = {isa = PBXFileReference; lastKnownFileType = text.plist.entitlements; path = AdvanceNotifications.entitlements; sourceTree = "<group>"; };
		76F6C4C71D9C3AA000627F95 /* Service.appex */ = {isa = PBXFileReference; explicitFileType = "wrapper.app-extension"; includeInIndex = 0; path = Service.appex; sourceTree = BUILT_PRODUCTS_DIR; };
		76F6C4C91D9C3AA000627F95 /* NotificationService.swift */ = {isa = PBXFileReference; lastKnownFileType = sourcecode.swift; path = NotificationService.swift; sourceTree = "<group>"; };
		76F6C4CB1D9C3AA000627F95 /* Info.plist */ = {isa = PBXFileReference; lastKnownFileType = text.plist.xml; path = Info.plist; sourceTree = "<group>"; };
		76F6C4D71D9C3AB100627F95 /* Content.appex */ = {isa = PBXFileReference; explicitFileType = "wrapper.app-extension"; includeInIndex = 0; path = Content.appex; sourceTree = BUILT_PRODUCTS_DIR; };
		76F6C4D91D9C3AB100627F95 /* UserNotifications.framework */ = {isa = PBXFileReference; lastKnownFileType = wrapper.framework; name = UserNotifications.framework; path = System/Library/Frameworks/UserNotifications.framework; sourceTree = SDKROOT; };
		76F6C4DB1D9C3AB100627F95 /* UserNotificationsUI.framework */ = {isa = PBXFileReference; lastKnownFileType = wrapper.framework; name = UserNotificationsUI.framework; path = System/Library/Frameworks/UserNotificationsUI.framework; sourceTree = SDKROOT; };
		76F6C4DE1D9C3AB100627F95 /* NotificationViewController.swift */ = {isa = PBXFileReference; lastKnownFileType = sourcecode.swift; path = NotificationViewController.swift; sourceTree = "<group>"; };
		76F6C4E11D9C3AB100627F95 /* Base */ = {isa = PBXFileReference; lastKnownFileType = file.storyboard; name = Base; path = Base.lproj/MainInterface.storyboard; sourceTree = "<group>"; };
		76F6C4E31D9C3AB100627F95 /* Info.plist */ = {isa = PBXFileReference; lastKnownFileType = text.plist.xml; path = Info.plist; sourceTree = "<group>"; };
		76F6C4EA1D9C3AB900627F95 /* Service.entitlements */ = {isa = PBXFileReference; lastKnownFileType = text.plist.entitlements; path = Service.entitlements; sourceTree = "<group>"; };
		76F6C4EB1D9C3AC500627F95 /* Content.entitlements */ = {isa = PBXFileReference; lastKnownFileType = text.plist.entitlements; path = Content.entitlements; sourceTree = "<group>"; };
		7CC18704BB8A74A0D80C4798 /* Pods_Service.framework */ = {isa = PBXFileReference; explicitFileType = wrapper.framework; includeInIndex = 0; path = Pods_Service.framework; sourceTree = BUILT_PRODUCTS_DIR; };
		98ABC1F36BAB0EB513FA6AE6 /* Pods-Service.release.xcconfig */ = {isa = PBXFileReference; includeInIndex = 1; lastKnownFileType = text.xcconfig; name = "Pods-Service.release.xcconfig"; path = "Pods/Target Support Files/Pods-Service/Pods-Service.release.xcconfig"; sourceTree = "<group>"; };
		F6432B044D6F7DD17469D7CB /* Pods-Content.debug.xcconfig */ = {isa = PBXFileReference; includeInIndex = 1; lastKnownFileType = text.xcconfig; name = "Pods-Content.debug.xcconfig"; path = "Pods/Target Support Files/Pods-Content/Pods-Content.debug.xcconfig"; sourceTree = "<group>"; };
		F7D15797AC51082CB6491B25 /* Pods-AdvanceNotifications.release.xcconfig */ = {isa = PBXFileReference; includeInIndex = 1; lastKnownFileType = text.xcconfig; name = "Pods-AdvanceNotifications.release.xcconfig"; path = "Pods/Target Support Files/Pods-AdvanceNotifications/Pods-AdvanceNotifications.release.xcconfig"; sourceTree = "<group>"; };
		FB1D6B47909585A6E4FA6268 /* Pods-AdvanceNotifications.debug.xcconfig */ = {isa = PBXFileReference; includeInIndex = 1; lastKnownFileType = text.xcconfig; name = "Pods-AdvanceNotifications.debug.xcconfig"; path = "Pods/Target Support Files/Pods-AdvanceNotifications/Pods-AdvanceNotifications.debug.xcconfig"; sourceTree = "<group>"; };
/* End PBXFileReference section */

/* Begin PBXFrameworksBuildPhase section */
		76F6C4AA1D9C38A500627F95 /* Frameworks */ = {
			isa = PBXFrameworksBuildPhase;
			buildActionMask = 2147483647;
			files = (
				BB7F84364FDEF6478ED0DDF9 /* Pods_AdvanceNotifications.framework in Frameworks */,
			);
			runOnlyForDeploymentPostprocessing = 0;
		};
		76F6C4C41D9C3AA000627F95 /* Frameworks */ = {
			isa = PBXFrameworksBuildPhase;
			buildActionMask = 2147483647;
			files = (
				890136A59B5933D2CCB6DC46 /* Pods_Service.framework in Frameworks */,
			);
			runOnlyForDeploymentPostprocessing = 0;
		};
		76F6C4D41D9C3AB100627F95 /* Frameworks */ = {
			isa = PBXFrameworksBuildPhase;
			buildActionMask = 2147483647;
			files = (
				76F6C4DC1D9C3AB100627F95 /* UserNotificationsUI.framework in Frameworks */,
				76F6C4DA1D9C3AB100627F95 /* UserNotifications.framework in Frameworks */,
				88D7B7C5F778D8FC47C209E0 /* Pods_Content.framework in Frameworks */,
			);
			runOnlyForDeploymentPostprocessing = 0;
		};
/* End PBXFrameworksBuildPhase section */

/* Begin PBXGroup section */
		76F6C4A41D9C38A500627F95 = {
			isa = PBXGroup;
			children = (
				76F6C4AF1D9C38A600627F95 /* AdvanceNotifications */,
				76F6C4C81D9C3AA000627F95 /* Service */,
				76F6C4DD1D9C3AB100627F95 /* Content */,
				76F6C4D81D9C3AB100627F95 /* Frameworks */,
				76F6C4AE1D9C38A500627F95 /* Products */,
				E56915F96E0A2340786F7B41 /* Pods */,
			);
			sourceTree = "<group>";
		};
		76F6C4AE1D9C38A500627F95 /* Products */ = {
			isa = PBXGroup;
			children = (
				76F6C4AD1D9C38A500627F95 /* AdvanceNotifications.app */,
				76F6C4C71D9C3AA000627F95 /* Service.appex */,
				76F6C4D71D9C3AB100627F95 /* Content.appex */,
			);
			name = Products;
			sourceTree = "<group>";
		};
		76F6C4AF1D9C38A600627F95 /* AdvanceNotifications */ = {
			isa = PBXGroup;
			children = (
				76F6C4C21D9C38DB00627F95 /* AdvanceNotifications.entitlements */,
				76F6C4B01D9C38A600627F95 /* AppDelegate.swift */,
				76F6C4B21D9C38A600627F95 /* ViewController.swift */,
				76F6C4B41D9C38A600627F95 /* Main.storyboard */,
				76F6C4B71D9C38A600627F95 /* Assets.xcassets */,
				76F6C4B91D9C38A600627F95 /* LaunchScreen.storyboard */,
				76F6C4BC1D9C38A600627F95 /* Info.plist */,
			);
			path = AdvanceNotifications;
			sourceTree = "<group>";
		};
		76F6C4C81D9C3AA000627F95 /* Service */ = {
			isa = PBXGroup;
			children = (
				76F6C4EA1D9C3AB900627F95 /* Service.entitlements */,
				76F6C4C91D9C3AA000627F95 /* NotificationService.swift */,
				76F6C4CB1D9C3AA000627F95 /* Info.plist */,
			);
			path = Service;
			sourceTree = "<group>";
		};
		76F6C4D81D9C3AB100627F95 /* Frameworks */ = {
			isa = PBXGroup;
			children = (
				76F6C4D91D9C3AB100627F95 /* UserNotifications.framework */,
				76F6C4DB1D9C3AB100627F95 /* UserNotificationsUI.framework */,
				29EB319DC2DAF11A157CDD3A /* Pods_AdvanceNotifications.framework */,
				71CF703B6B192F58947DEF4A /* Pods_Content.framework */,
				7CC18704BB8A74A0D80C4798 /* Pods_Service.framework */,
			);
			name = Frameworks;
			sourceTree = "<group>";
		};
		76F6C4DD1D9C3AB100627F95 /* Content */ = {
			isa = PBXGroup;
			children = (
				76F6C4EB1D9C3AC500627F95 /* Content.entitlements */,
				76F6C4DE1D9C3AB100627F95 /* NotificationViewController.swift */,
				76F6C4E01D9C3AB100627F95 /* MainInterface.storyboard */,
				76F6C4E31D9C3AB100627F95 /* Info.plist */,
			);
			path = Content;
			sourceTree = "<group>";
		};
		E56915F96E0A2340786F7B41 /* Pods */ = {
			isa = PBXGroup;
			children = (
				FB1D6B47909585A6E4FA6268 /* Pods-AdvanceNotifications.debug.xcconfig */,
				F7D15797AC51082CB6491B25 /* Pods-AdvanceNotifications.release.xcconfig */,
				F6432B044D6F7DD17469D7CB /* Pods-Content.debug.xcconfig */,
				56B5064501DFD2044E3177BD /* Pods-Content.release.xcconfig */,
				6B4FF13691C2B5A087C0817B /* Pods-Service.debug.xcconfig */,
				98ABC1F36BAB0EB513FA6AE6 /* Pods-Service.release.xcconfig */,
			);
			name = Pods;
			sourceTree = "<group>";
		};
/* End PBXGroup section */

/* Begin PBXNativeTarget section */
		76F6C4AC1D9C38A500627F95 /* AdvanceNotifications */ = {
			isa = PBXNativeTarget;
			buildConfigurationList = 76F6C4BF1D9C38A600627F95 /* Build configuration list for PBXNativeTarget "AdvanceNotifications" */;
			buildPhases = (
				349B107F998ECA103547C8E1 /* [CP] Check Pods Manifest.lock */,
				76F6C4A91D9C38A500627F95 /* Sources */,
				76F6C4AA1D9C38A500627F95 /* Frameworks */,
				76F6C4AB1D9C38A500627F95 /* Resources */,
				76F6C4D21D9C3AA000627F95 /* Embed App Extensions */,
				6554AB26DD89A8F1234508A5 /* [CP] Embed Pods Frameworks */,
				3E748FC48853014523E3FF46 /* [CP] Copy Pods Resources */,
			);
			buildRules = (
			);
			dependencies = (
				76F6C4CD1D9C3AA000627F95 /* PBXTargetDependency */,
				76F6C4E51D9C3AB100627F95 /* PBXTargetDependency */,
			);
			name = AdvanceNotifications;
			productName = AdvanceNotifications;
			productReference = 76F6C4AD1D9C38A500627F95 /* AdvanceNotifications.app */;
			productType = "com.apple.product-type.application";
		};
		76F6C4C61D9C3AA000627F95 /* Service */ = {
			isa = PBXNativeTarget;
			buildConfigurationList = 76F6C4CF1D9C3AA000627F95 /* Build configuration list for PBXNativeTarget "Service" */;
			buildPhases = (
				8BDB25EAB78101C6A8FA2BAD /* [CP] Check Pods Manifest.lock */,
				76F6C4C31D9C3AA000627F95 /* Sources */,
				76F6C4C41D9C3AA000627F95 /* Frameworks */,
				76F6C4C51D9C3AA000627F95 /* Resources */,
				4FDEB207109F51E70ABAB486 /* [CP] Copy Pods Resources */,
			);
			buildRules = (
			);
			dependencies = (
			);
			name = Service;
			productName = Service;
			productReference = 76F6C4C71D9C3AA000627F95 /* Service.appex */;
			productType = "com.apple.product-type.app-extension";
		};
		76F6C4D61D9C3AB100627F95 /* Content */ = {
			isa = PBXNativeTarget;
			buildConfigurationList = 76F6C4E71D9C3AB100627F95 /* Build configuration list for PBXNativeTarget "Content" */;
			buildPhases = (
				EEF8ED069CA82784A98E15D7 /* [CP] Check Pods Manifest.lock */,
				76F6C4D31D9C3AB100627F95 /* Sources */,
				76F6C4D41D9C3AB100627F95 /* Frameworks */,
				76F6C4D51D9C3AB100627F95 /* Resources */,
				8BBC5162CAD7287569FC6D09 /* [CP] Copy Pods Resources */,
			);
			buildRules = (
			);
			dependencies = (
			);
			name = Content;
			productName = Content;
			productReference = 76F6C4D71D9C3AB100627F95 /* Content.appex */;
			productType = "com.apple.product-type.app-extension";
		};
/* End PBXNativeTarget section */

/* Begin PBXProject section */
		76F6C4A51D9C38A500627F95 /* Project object */ = {
			isa = PBXProject;
			attributes = {
				LastSwiftUpdateCheck = 0800;
				LastUpgradeCheck = 0800;
				ORGANIZATIONNAME = "Barbara Rodeker";
				TargetAttributes = {
					76F6C4AC1D9C38A500627F95 = {
						CreatedOnToolsVersion = 8.0;
						ProvisioningStyle = Automatic;
						SystemCapabilities = {
							com.apple.ApplicationGroups.iOS = {
								enabled = 1;
							};
							com.apple.Keychain = {
								enabled = 1;
							};
							com.apple.Push = {
								enabled = 1;
							};
						};
					};
					76F6C4C61D9C3AA000627F95 = {
						CreatedOnToolsVersion = 8.0;
						ProvisioningStyle = Automatic;
						SystemCapabilities = {
							com.apple.ApplicationGroups.iOS = {
								enabled = 1;
							};
							com.apple.Keychain = {
								enabled = 1;
							};
						};
					};
					76F6C4D61D9C3AB100627F95 = {
						CreatedOnToolsVersion = 8.0;
						ProvisioningStyle = Automatic;
						SystemCapabilities = {
							com.apple.ApplicationGroups.iOS = {
								enabled = 1;
							};
							com.apple.Keychain = {
								enabled = 1;
							};
						};
					};
				};
			};
			buildConfigurationList = 76F6C4A81D9C38A500627F95 /* Build configuration list for PBXProject "AdvanceNotifications" */;
			compatibilityVersion = "Xcode 3.2";
			developmentRegion = English;
			hasScannedForEncodings = 0;
			knownRegions = (
				en,
				Base,
			);
			mainGroup = 76F6C4A41D9C38A500627F95;
			productRefGroup = 76F6C4AE1D9C38A500627F95 /* Products */;
			projectDirPath = "";
			projectRoot = "";
			targets = (
				76F6C4AC1D9C38A500627F95 /* AdvanceNotifications */,
				76F6C4C61D9C3AA000627F95 /* Service */,
				76F6C4D61D9C3AB100627F95 /* Content */,
			);
		};
/* End PBXProject section */

/* Begin PBXResourcesBuildPhase section */
		76F6C4AB1D9C38A500627F95 /* Resources */ = {
			isa = PBXResourcesBuildPhase;
			buildActionMask = 2147483647;
			files = (
				76F6C4BB1D9C38A600627F95 /* LaunchScreen.storyboard in Resources */,
				76F6C4B81D9C38A600627F95 /* Assets.xcassets in Resources */,
				76F6C4B61D9C38A600627F95 /* Main.storyboard in Resources */,
			);
			runOnlyForDeploymentPostprocessing = 0;
		};
		76F6C4C51D9C3AA000627F95 /* Resources */ = {
			isa = PBXResourcesBuildPhase;
			buildActionMask = 2147483647;
			files = (
			);
			runOnlyForDeploymentPostprocessing = 0;
		};
		76F6C4D51D9C3AB100627F95 /* Resources */ = {
			isa = PBXResourcesBuildPhase;
			buildActionMask = 2147483647;
			files = (
				76F6C4E21D9C3AB100627F95 /* MainInterface.storyboard in Resources */,
			);
			runOnlyForDeploymentPostprocessing = 0;
		};
/* End PBXResourcesBuildPhase section */

/* Begin PBXShellScriptBuildPhase section */
		349B107F998ECA103547C8E1 /* [CP] Check Pods Manifest.lock */ = {
			isa = PBXShellScriptBuildPhase;
			buildActionMask = 2147483647;
			files = (
			);
			inputPaths = (
			);
			name = "[CP] Check Pods Manifest.lock";
			outputPaths = (
			);
			runOnlyForDeploymentPostprocessing = 0;
			shellPath = /bin/sh;
			shellScript = "diff \"${PODS_ROOT}/../Podfile.lock\" \"${PODS_ROOT}/Manifest.lock\" > /dev/null\nif [ $? != 0 ] ; then\n    # print error to STDERR\n    echo \"error: The sandbox is not in sync with the Podfile.lock. Run 'pod install' or update your CocoaPods installation.\" >&2\n    exit 1\nfi\n";
			showEnvVarsInLog = 0;
		};
		3E748FC48853014523E3FF46 /* [CP] Copy Pods Resources */ = {
			isa = PBXShellScriptBuildPhase;
			buildActionMask = 2147483647;
			files = (
			);
			inputPaths = (
			);
			name = "[CP] Copy Pods Resources";
			outputPaths = (
			);
			runOnlyForDeploymentPostprocessing = 0;
			shellPath = /bin/sh;
			shellScript = "\"${SRCROOT}/Pods/Target Support Files/Pods-AdvanceNotifications/Pods-AdvanceNotifications-resources.sh\"\n";
			showEnvVarsInLog = 0;
		};
		4FDEB207109F51E70ABAB486 /* [CP] Copy Pods Resources */ = {
			isa = PBXShellScriptBuildPhase;
			buildActionMask = 2147483647;
			files = (
			);
			inputPaths = (
			);
			name = "[CP] Copy Pods Resources";
			outputPaths = (
			);
			runOnlyForDeploymentPostprocessing = 0;
			shellPath = /bin/sh;
			shellScript = "\"${SRCROOT}/Pods/Target Support Files/Pods-Service/Pods-Service-resources.sh\"\n";
			showEnvVarsInLog = 0;
		};
		6554AB26DD89A8F1234508A5 /* [CP] Embed Pods Frameworks */ = {
			isa = PBXShellScriptBuildPhase;
			buildActionMask = 2147483647;
			files = (
			);
			inputPaths = (
			);
			name = "[CP] Embed Pods Frameworks";
			outputPaths = (
			);
			runOnlyForDeploymentPostprocessing = 0;
			shellPath = /bin/sh;
			shellScript = "\"${SRCROOT}/Pods/Target Support Files/Pods-AdvanceNotifications/Pods-AdvanceNotifications-frameworks.sh\"\n";
			showEnvVarsInLog = 0;
		};
		8BBC5162CAD7287569FC6D09 /* [CP] Copy Pods Resources */ = {
			isa = PBXShellScriptBuildPhase;
			buildActionMask = 2147483647;
			files = (
			);
			inputPaths = (
			);
			name = "[CP] Copy Pods Resources";
			outputPaths = (
			);
			runOnlyForDeploymentPostprocessing = 0;
			shellPath = /bin/sh;
			shellScript = "\"${SRCROOT}/Pods/Target Support Files/Pods-Content/Pods-Content-resources.sh\"\n";
			showEnvVarsInLog = 0;
		};
		8BDB25EAB78101C6A8FA2BAD /* [CP] Check Pods Manifest.lock */ = {
			isa = PBXShellScriptBuildPhase;
			buildActionMask = 2147483647;
			files = (
			);
			inputPaths = (
			);
			name = "[CP] Check Pods Manifest.lock";
			outputPaths = (
			);
			runOnlyForDeploymentPostprocessing = 0;
			shellPath = /bin/sh;
			shellScript = "diff \"${PODS_ROOT}/../Podfile.lock\" \"${PODS_ROOT}/Manifest.lock\" > /dev/null\nif [ $? != 0 ] ; then\n    # print error to STDERR\n    echo \"error: The sandbox is not in sync with the Podfile.lock. Run 'pod install' or update your CocoaPods installation.\" >&2\n    exit 1\nfi\n";
			showEnvVarsInLog = 0;
		};
		EEF8ED069CA82784A98E15D7 /* [CP] Check Pods Manifest.lock */ = {
			isa = PBXShellScriptBuildPhase;
			buildActionMask = 2147483647;
			files = (
			);
			inputPaths = (
			);
			name = "[CP] Check Pods Manifest.lock";
			outputPaths = (
			);
			runOnlyForDeploymentPostprocessing = 0;
			shellPath = /bin/sh;
			shellScript = "diff \"${PODS_ROOT}/../Podfile.lock\" \"${PODS_ROOT}/Manifest.lock\" > /dev/null\nif [ $? != 0 ] ; then\n    # print error to STDERR\n    echo \"error: The sandbox is not in sync with the Podfile.lock. Run 'pod install' or update your CocoaPods installation.\" >&2\n    exit 1\nfi\n";
			showEnvVarsInLog = 0;
		};
/* End PBXShellScriptBuildPhase section */

/* Begin PBXSourcesBuildPhase section */
		76F6C4A91D9C38A500627F95 /* Sources */ = {
			isa = PBXSourcesBuildPhase;
			buildActionMask = 2147483647;
			files = (
				76F6C4B31D9C38A600627F95 /* ViewController.swift in Sources */,
				76F6C4B11D9C38A600627F95 /* AppDelegate.swift in Sources */,
			);
			runOnlyForDeploymentPostprocessing = 0;
		};
		76F6C4C31D9C3AA000627F95 /* Sources */ = {
			isa = PBXSourcesBuildPhase;
			buildActionMask = 2147483647;
			files = (
				76F6C4CA1D9C3AA000627F95 /* NotificationService.swift in Sources */,
			);
			runOnlyForDeploymentPostprocessing = 0;
		};
		76F6C4D31D9C3AB100627F95 /* Sources */ = {
			isa = PBXSourcesBuildPhase;
			buildActionMask = 2147483647;
			files = (
				76F6C4DF1D9C3AB100627F95 /* NotificationViewController.swift in Sources */,
			);
			runOnlyForDeploymentPostprocessing = 0;
		};
/* End PBXSourcesBuildPhase section */

/* Begin PBXTargetDependency section */
		76F6C4CD1D9C3AA000627F95 /* PBXTargetDependency */ = {
			isa = PBXTargetDependency;
			target = 76F6C4C61D9C3AA000627F95 /* Service */;
			targetProxy = 76F6C4CC1D9C3AA000627F95 /* PBXContainerItemProxy */;
		};
		76F6C4E51D9C3AB100627F95 /* PBXTargetDependency */ = {
			isa = PBXTargetDependency;
			target = 76F6C4D61D9C3AB100627F95 /* Content */;
			targetProxy = 76F6C4E41D9C3AB100627F95 /* PBXContainerItemProxy */;
		};
/* End PBXTargetDependency section */

/* Begin PBXVariantGroup section */
		76F6C4B41D9C38A600627F95 /* Main.storyboard */ = {
			isa = PBXVariantGroup;
			children = (
				76F6C4B51D9C38A600627F95 /* Base */,
			);
			name = Main.storyboard;
			sourceTree = "<group>";
		};
		76F6C4B91D9C38A600627F95 /* LaunchScreen.storyboard */ = {
			isa = PBXVariantGroup;
			children = (
				76F6C4BA1D9C38A600627F95 /* Base */,
			);
			name = LaunchScreen.storyboard;
			sourceTree = "<group>";
		};
		76F6C4E01D9C3AB100627F95 /* MainInterface.storyboard */ = {
			isa = PBXVariantGroup;
			children = (
				76F6C4E11D9C3AB100627F95 /* Base */,
			);
			name = MainInterface.storyboard;
			sourceTree = "<group>";
		};
/* End PBXVariantGroup section */

/* Begin XCBuildConfiguration section */
		76F6C4BD1D9C38A600627F95 /* Debug */ = {
			isa = XCBuildConfiguration;
			buildSettings = {
				ALWAYS_SEARCH_USER_PATHS = NO;
				CLANG_ANALYZER_NONNULL = YES;
				CLANG_CXX_LANGUAGE_STANDARD = "gnu++0x";
				CLANG_CXX_LIBRARY = "libc++";
				CLANG_ENABLE_MODULES = YES;
				CLANG_ENABLE_OBJC_ARC = YES;
				CLANG_WARN_BOOL_CONVERSION = YES;
				CLANG_WARN_CONSTANT_CONVERSION = YES;
				CLANG_WARN_DIRECT_OBJC_ISA_USAGE = YES_ERROR;
				CLANG_WARN_DOCUMENTATION_COMMENTS = YES;
				CLANG_WARN_EMPTY_BODY = YES;
				CLANG_WARN_ENUM_CONVERSION = YES;
				CLANG_WARN_INFINITE_RECURSION = YES;
				CLANG_WARN_INT_CONVERSION = YES;
				CLANG_WARN_OBJC_ROOT_CLASS = YES_ERROR;
				CLANG_WARN_SUSPICIOUS_MOVES = YES;
				CLANG_WARN_UNREACHABLE_CODE = YES;
				CLANG_WARN__DUPLICATE_METHOD_MATCH = YES;
				"CODE_SIGN_IDENTITY[sdk=iphoneos*]" = "iPhone Developer";
				COPY_PHASE_STRIP = NO;
				DEBUG_INFORMATION_FORMAT = dwarf;
				ENABLE_STRICT_OBJC_MSGSEND = YES;
				ENABLE_TESTABILITY = YES;
				GCC_C_LANGUAGE_STANDARD = gnu99;
				GCC_DYNAMIC_NO_PIC = NO;
				GCC_NO_COMMON_BLOCKS = YES;
				GCC_OPTIMIZATION_LEVEL = 0;
				GCC_PREPROCESSOR_DEFINITIONS = (
					"DEBUG=1",
					"$(inherited)",
				);
				GCC_WARN_64_TO_32_BIT_CONVERSION = YES;
				GCC_WARN_ABOUT_RETURN_TYPE = YES_ERROR;
				GCC_WARN_UNDECLARED_SELECTOR = YES;
				GCC_WARN_UNINITIALIZED_AUTOS = YES_AGGRESSIVE;
				GCC_WARN_UNUSED_FUNCTION = YES;
				GCC_WARN_UNUSED_VARIABLE = YES;
				IPHONEOS_DEPLOYMENT_TARGET = 10.0;
				MTL_ENABLE_DEBUG_INFO = YES;
				ONLY_ACTIVE_ARCH = YES;
				SDKROOT = iphoneos;
				SWIFT_ACTIVE_COMPILATION_CONDITIONS = DEBUG;
				SWIFT_OPTIMIZATION_LEVEL = "-Onone";
			};
			name = Debug;
		};
		76F6C4BE1D9C38A600627F95 /* Release */ = {
			isa = XCBuildConfiguration;
			buildSettings = {
				ALWAYS_SEARCH_USER_PATHS = NO;
				CLANG_ANALYZER_NONNULL = YES;
				CLANG_CXX_LANGUAGE_STANDARD = "gnu++0x";
				CLANG_CXX_LIBRARY = "libc++";
				CLANG_ENABLE_MODULES = YES;
				CLANG_ENABLE_OBJC_ARC = YES;
				CLANG_WARN_BOOL_CONVERSION = YES;
				CLANG_WARN_CONSTANT_CONVERSION = YES;
				CLANG_WARN_DIRECT_OBJC_ISA_USAGE = YES_ERROR;
				CLANG_WARN_DOCUMENTATION_COMMENTS = YES;
				CLANG_WARN_EMPTY_BODY = YES;
				CLANG_WARN_ENUM_CONVERSION = YES;
				CLANG_WARN_INFINITE_RECURSION = YES;
				CLANG_WARN_INT_CONVERSION = YES;
				CLANG_WARN_OBJC_ROOT_CLASS = YES_ERROR;
				CLANG_WARN_SUSPICIOUS_MOVES = YES;
				CLANG_WARN_UNREACHABLE_CODE = YES;
				CLANG_WARN__DUPLICATE_METHOD_MATCH = YES;
				"CODE_SIGN_IDENTITY[sdk=iphoneos*]" = "iPhone Developer";
				COPY_PHASE_STRIP = NO;
				DEBUG_INFORMATION_FORMAT = "dwarf-with-dsym";
				ENABLE_NS_ASSERTIONS = NO;
				ENABLE_STRICT_OBJC_MSGSEND = YES;
				GCC_C_LANGUAGE_STANDARD = gnu99;
				GCC_NO_COMMON_BLOCKS = YES;
				GCC_WARN_64_TO_32_BIT_CONVERSION = YES;
				GCC_WARN_ABOUT_RETURN_TYPE = YES_ERROR;
				GCC_WARN_UNDECLARED_SELECTOR = YES;
				GCC_WARN_UNINITIALIZED_AUTOS = YES_AGGRESSIVE;
				GCC_WARN_UNUSED_FUNCTION = YES;
				GCC_WARN_UNUSED_VARIABLE = YES;
				IPHONEOS_DEPLOYMENT_TARGET = 10.0;
				MTL_ENABLE_DEBUG_INFO = NO;
				SDKROOT = iphoneos;
				SWIFT_OPTIMIZATION_LEVEL = "-Owholemodule";
				VALIDATE_PRODUCT = YES;
			};
			name = Release;
		};
		76F6C4C01D9C38A600627F95 /* Debug */ = {
			isa = XCBuildConfiguration;
			baseConfigurationReference = FB1D6B47909585A6E4FA6268 /* Pods-AdvanceNotifications.debug.xcconfig */;
			buildSettings = {
				ASSETCATALOG_COMPILER_APPICON_NAME = AppIcon;
				CLANG_ENABLE_MODULES = YES;
				CODE_SIGN_ENTITLEMENTS = AdvanceNotifications/AdvanceNotifications.entitlements;
				DEVELOPMENT_TEAM = "";
				GCC_ENABLE_OBJC_EXCEPTIONS = YES;
				INFOPLIST_FILE = AdvanceNotifications/Info.plist;
				LD_RUNPATH_SEARCH_PATHS = "$(inherited) @executable_path/Frameworks";
				PRODUCT_BUNDLE_IDENTIFIER = bmr.com.tutorial.notifications;
				PRODUCT_NAME = "$(TARGET_NAME)";
				SWIFT_VERSION = 3.0;
			};
			name = Debug;
		};
		76F6C4C11D9C38A600627F95 /* Release */ = {
			isa = XCBuildConfiguration;
			baseConfigurationReference = F7D15797AC51082CB6491B25 /* Pods-AdvanceNotifications.release.xcconfig */;
			buildSettings = {
				ASSETCATALOG_COMPILER_APPICON_NAME = AppIcon;
				CLANG_ENABLE_MODULES = YES;
				CODE_SIGN_ENTITLEMENTS = AdvanceNotifications/AdvanceNotifications.entitlements;
				DEVELOPMENT_TEAM = "";
				GCC_ENABLE_OBJC_EXCEPTIONS = YES;
				INFOPLIST_FILE = AdvanceNotifications/Info.plist;
				LD_RUNPATH_SEARCH_PATHS = "$(inherited) @executable_path/Frameworks";
				PRODUCT_BUNDLE_IDENTIFIER = bmr.com.tutorial.notifications;
				PRODUCT_NAME = "$(TARGET_NAME)";
				SWIFT_VERSION = 3.0;
			};
			name = Release;
		};
		76F6C4D01D9C3AA000627F95 /* Debug */ = {
			isa = XCBuildConfiguration;
			baseConfigurationReference = 6B4FF13691C2B5A087C0817B /* Pods-Service.debug.xcconfig */;
			buildSettings = {
				CODE_SIGN_ENTITLEMENTS = Service/Service.entitlements;
				DEVELOPMENT_TEAM = "";
				INFOPLIST_FILE = Service/Info.plist;
				LD_RUNPATH_SEARCH_PATHS = "$(inherited) @executable_path/Frameworks @executable_path/../../Frameworks";
				PRODUCT_BUNDLE_IDENTIFIER = bmr.com.tutorial.notifications.Service;
				PRODUCT_NAME = "$(TARGET_NAME)";
				SKIP_INSTALL = YES;
				SWIFT_VERSION = 3.0;
			};
			name = Debug;
		};
		76F6C4D11D9C3AA000627F95 /* Release */ = {
			isa = XCBuildConfiguration;
			baseConfigurationReference = 98ABC1F36BAB0EB513FA6AE6 /* Pods-Service.release.xcconfig */;
			buildSettings = {
				CODE_SIGN_ENTITLEMENTS = Service/Service.entitlements;
				DEVELOPMENT_TEAM = "";
				INFOPLIST_FILE = Service/Info.plist;
				LD_RUNPATH_SEARCH_PATHS = "$(inherited) @executable_path/Frameworks @executable_path/../../Frameworks";
				PRODUCT_BUNDLE_IDENTIFIER = bmr.com.tutorial.notifications.Service;
				PRODUCT_NAME = "$(TARGET_NAME)";
				SKIP_INSTALL = YES;
				SWIFT_VERSION = 3.0;
			};
			name = Release;
		};
		76F6C4E81D9C3AB100627F95 /* Debug */ = {
			isa = XCBuildConfiguration;
			baseConfigurationReference = F6432B044D6F7DD17469D7CB /* Pods-Content.debug.xcconfig */;
			buildSettings = {
				CODE_SIGN_ENTITLEMENTS = Content/Content.entitlements;
				DEVELOPMENT_TEAM = "";
				INFOPLIST_FILE = Content/Info.plist;
				LD_RUNPATH_SEARCH_PATHS = "$(inherited) @executable_path/Frameworks @executable_path/../../Frameworks";
				PRODUCT_BUNDLE_IDENTIFIER = bmr.com.tutorial.notifications.Content;
				PRODUCT_NAME = "$(TARGET_NAME)";
				SKIP_INSTALL = YES;
				SWIFT_VERSION = 3.0;
			};
			name = Debug;
		};
		76F6C4E91D9C3AB100627F95 /* Release */ = {
			isa = XCBuildConfiguration;
			baseConfigurationReference = 56B5064501DFD2044E3177BD /* Pods-Content.release.xcconfig */;
			buildSettings = {
				CODE_SIGN_ENTITLEMENTS = Content/Content.entitlements;
				DEVELOPMENT_TEAM = "";
				INFOPLIST_FILE = Content/Info.plist;
				LD_RUNPATH_SEARCH_PATHS = "$(inherited) @executable_path/Frameworks @executable_path/../../Frameworks";
				PRODUCT_BUNDLE_IDENTIFIER = bmr.com.tutorial.notifications.Content;
				PRODUCT_NAME = "$(TARGET_NAME)";
				SKIP_INSTALL = YES;
				SWIFT_VERSION = 3.0;
			};
			name = Release;
		};
/* End XCBuildConfiguration section */

/* Begin XCConfigurationList section */
		76F6C4A81D9C38A500627F95 /* Build configuration list for PBXProject "AdvanceNotifications" */ = {
			isa = XCConfigurationList;
			buildConfigurations = (
				76F6C4BD1D9C38A600627F95 /* Debug */,
				76F6C4BE1D9C38A600627F95 /* Release */,
			);
			defaultConfigurationIsVisible = 0;
			defaultConfigurationName = Release;
		};
		76F6C4BF1D9C38A600627F95 /* Build configuration list for PBXNativeTarget "AdvanceNotifications" */ = {
			isa = XCConfigurationList;
			buildConfigurations = (
				76F6C4C01D9C38A600627F95 /* Debug */,
				76F6C4C11D9C38A600627F95 /* Release */,
			);
			defaultConfigurationIsVisible = 0;
			defaultConfigurationName = Release;
		};
		76F6C4CF1D9C3AA000627F95 /* Build configuration list for PBXNativeTarget "Service" */ = {
			isa = XCConfigurationList;
			buildConfigurations = (
				76F6C4D01D9C3AA000627F95 /* Debug */,
				76F6C4D11D9C3AA000627F95 /* Release */,
			);
			defaultConfigurationIsVisible = 0;
			defaultConfigurationName = Release;
		};
		76F6C4E71D9C3AB100627F95 /* Build configuration list for PBXNativeTarget "Content" */ = {
			isa = XCConfigurationList;
			buildConfigurations = (
				76F6C4E81D9C3AB100627F95 /* Debug */,
				76F6C4E91D9C3AB100627F95 /* Release */,
			);
			defaultConfigurationIsVisible = 0;
			defaultConfigurationName = Release;
		};
/* End XCConfigurationList section */
	};
	rootObject = 76F6C4A51D9C38A500627F95 /* Project object */;
}
